{
    "_readme": [
        "This file locks the dependencies of your project to a known state",
        "Read more about it at https://getcomposer.org/doc/01-basic-usage.md#installing-dependencies",
        "This file is @generated automatically"
    ],
    "content-hash": "69de60a9c13724bf9c9933caf9f33fda",
    "packages": [],
    "packages-dev": [
        {
            "name": "bocharsky-bw/arrayzy",
            "version": "v0.1.1",
            "source": {
                "type": "git",
                "url": "https://github.com/bocharsky-bw/Arrayzy.git",
                "reference": "364cda2180574868c37ed84fb5734fcf4fb6853a"
            },
            "dist": {
                "type": "zip",
                "url": "https://api.github.com/repos/bocharsky-bw/Arrayzy/zipball/364cda2180574868c37ed84fb5734fcf4fb6853a",
                "reference": "364cda2180574868c37ed84fb5734fcf4fb6853a",
                "shasum": ""
            },
            "require": {
                "ext-json": "*",
                "php": ">=5.4"
            },
            "require-dev": {
                "phpunit/phpunit": "~4.5"
            },
            "type": "library",
            "autoload": {
                "psr-4": {
                    "Arrayzy\\": "src/"
                }
            },
            "notification-url": "https://packagist.org/downloads/",
            "license": [
                "MIT"
            ],
            "authors": [
                {
                    "name": "Bocharsky Victor",
                    "email": "bocharsky.bw@gmail.com"
                }
            ],
            "description": "A PHP array easy manipulation library in OOP way",
            "homepage": "https://github.com/bocharsky-bw/Arrayzy",
            "keywords": [
                "OOP",
                "array",
                "arrayzy",
                "helper",
                "manipulation",
                "utility",
                "wrapper"
            ],
            "time": "2015-07-12T19:31:25+00:00"
        }
    ],
    "aliases": [],
    "minimum-stability": "dev",
    "stability-flags": [],
    "prefer-stable": false,
    "prefer-lowest": false,
    "platform": [],
    "platform-dev": []
}
