{
    "_readme": [
        "This file locks the dependencies of your project to a known state",
        "Read more about it at http://getcomposer.org/doc/01-basic-usage.md#composer-lock-the-lock-file",
        "This file is @generated automatically"
    ],
    "hash": "8025d12cf6ad8c2abea8d7f21e74b8d7",
    "packages": [
        {
            "name": "brandonwamboldt/wp-orm",
            "version": "dev-master",
            "source": {
                "type": "git",
                "url": "https://github.com/No3x/wp-orm.git",
                "reference": "d9a34b4052a1f6967de7b849ba6d73abeea29dd7"
            },
            "dist": {
                "type": "zip",
                "url": "https://api.github.com/repos/No3x/wp-orm/zipball/d9a34b4052a1f6967de7b849ba6d73abeea29dd7",
                "reference": "d9a34b4052a1f6967de7b849ba6d73abeea29dd7",
                "shasum": ""
            },
            "require": {
                "php": ">=5.3"
            },
            "type": "library",
            "autoload": {
                "psr-4": {
                    "WordPress\\ORM\\": "src"
                }
            },
            "license": [
                "MIT"
            ],
            "authors": [
                {
                    "name": "Brandon Wamboldt",
                    "email": "brandon.wamboldt@gmail.com"
                }
            ],
            "description": "WordPress ORM",
            "support": {
                "source": "https://github.com/No3x/wp-orm/tree/master"
            },
            "time": "2015-08-20 11:29:59"
        },
        {
            "name": "composer/installers",
            "version": "dev-master",
            "source": {
                "type": "git",
                "url": "https://github.com/composer/installers.git",
                "reference": "e420b539e8d7b38b7c6f3f99dccc0386bd3dfe41"
            },
            "dist": {
                "type": "zip",
                "url": "https://api.github.com/repos/composer/installers/zipball/e420b539e8d7b38b7c6f3f99dccc0386bd3dfe41",
                "reference": "e420b539e8d7b38b7c6f3f99dccc0386bd3dfe41",
                "shasum": ""
            },
            "replace": {
                "roundcube/plugin-installer": "*",
                "shama/baton": "*"
            },
            "require-dev": {
                "composer/composer": "1.0.*@dev",
                "phpunit/phpunit": "4.1.*"
            },
            "type": "composer-installer",
            "extra": {
                "class": "Composer\\Installers\\Installer",
                "branch-alias": {
                    "dev-master": "1.0-dev"
                }
            },
            "autoload": {
                "psr-0": {
                    "Composer\\Installers\\": "src/"
                }
            },
            "notification-url": "https://packagist.org/downloads/",
            "license": [
                "MIT"
            ],
            "authors": [
                {
                    "name": "Kyle Robinson Young",
                    "email": "kyle@dontkry.com",
                    "homepage": "https://github.com/shama"
                }
            ],
            "description": "A multi-framework Composer library installer",
            "homepage": "http://composer.github.com/installers/",
            "keywords": [
                "Craft",
                "Dolibarr",
                "Hurad",
                "MODX Evo",
                "OXID",
                "SMF",
                "Thelia",
                "WolfCMS",
                "agl",
                "aimeos",
                "annotatecms",
                "bitrix",
                "cakephp",
                "chef",
                "codeigniter",
                "concrete5",
                "croogo",
                "dokuwiki",
                "drupal",
                "elgg",
                "fuelphp",
                "grav",
                "installer",
                "joomla",
                "kohana",
                "laravel",
                "lithium",
                "magento",
                "mako",
                "mediawiki",
                "modulework",
                "moodle",
                "phpbb",
                "piwik",
                "ppi",
                "puppet",
                "roundcube",
                "shopware",
                "silverstripe",
                "symfony",
                "typo3",
                "wordpress",
                "zend",
                "zikula"
            ],
            "time": "2015-06-13 15:30:38"
        },
        {
            "name": "redux-framework/redux-framework",
            "version": "3.5.5.10",
            "source": {
                "type": "git",
                "url": "https://github.com/reduxframework/redux-framework.git",
                "reference": "e447b1c0f3edfa06cdc66e83b74c278f139f272f"
            },
            "dist": {
                "type": "zip",
                "url": "https://api.github.com/repos/reduxframework/redux-framework/zipball/e447b1c0f3edfa06cdc66e83b74c278f139f272f",
                "reference": "e447b1c0f3edfa06cdc66e83b74c278f139f272f",
                "shasum": ""
            },
            "require": {
                "composer/installers": "~1.0",
                "php": ">=5.2.0"
            },
            "type": "wordpress-plugin",
            "notification-url": "https://packagist.org/downloads/",
            "license": [
                "GPL-3.0+"
            ],
            "authors": [
                {
                    "name": "Team Redux"
                }
            ],
            "description": "Redux is a simple, truly extensible options framework for WordPress themes and plugins.",
            "homepage": "http://reduxframework.com",
            "keywords": [
                "Settings",
                "customizer",
                "framework",
                "options",
                "plugin",
                "redux",
                "wordpress"
            ],
            "time": "2014-08-07 19:17:53"
        }
    ],
    "packages-dev": [],
    "aliases": [],
    "minimum-stability": "dev",
    "stability-flags": {
        "brandonwamboldt/wp-orm": 20
    },
    "prefer-stable": false,
    "platform": [],
    "platform-dev": []
}
